
Microsoft Visual Studio Solution File, Format Version 12.00
# Visual Studio Version 17
VisualStudioVersion = 17.14.36310.24 d17.14
MinimumVisualStudioVersion = 10.0.40219.1
Project("{FAE04EC0-301F-11D3-BF4B-00C04F79EFBC}") = "RR.API", "RR.API\RR.API.csproj", "{E89BF925-354A-4299-8205-4BE326A79AB2}"
EndProject
Project("{FAE04EC0-301F-11D3-BF4B-00C04F79EFBC}") = "RR.Entities", "RR.Entities\RR.Entities.csproj", "{6BB51BD5-185F-443E-9197-546D876D12BA}"
EndProject
Project("{FAE04EC0-301F-11D3-BF4B-00C04F79EFBC}") = "RR.Repositories", "RR.Repositories\RR.Repositories.csproj", "{CE1B6339-F52A-42D7-A5B9-1FBB78DD62E0}"
EndProject
Project("{FAE04EC0-301F-11D3-BF4B-00C04F79EFBC}") = "RR.Presentation", "RR.Presentation\RR.Presentation.csproj", "{06FD9CB9-E090-4962-973F-C8D15BCD82CE}"
EndProject
Project("{FAE04EC0-301F-11D3-BF4B-00C04F79EFBC}") = "RR.Services", "RR.Services\RR.Services.csproj", "{88459653-507E-411D-8C75-C4B5F1FA530C}"
EndProject
Global
	GlobalSection(SolutionConfigurationPlatforms) = preSolution
		Debug|Any CPU = Debug|Any CPU
		Release|Any CPU = Release|Any CPU
	EndGlobalSection
	GlobalSection(ProjectConfigurationPlatforms) = postSolution
		{E89BF925-354A-4299-8205-4BE326A79AB2}.Debug|Any CPU.ActiveCfg = Debug|Any CPU
		{E89BF925-354A-4299-8205-4BE326A79AB2}.Debug|Any CPU.Build.0 = Debug|Any CPU
		{E89BF925-354A-4299-8205-4BE326A79AB2}.Release|Any CPU.ActiveCfg = Release|Any CPU
		{E89BF925-354A-4299-8205-4BE326A79AB2}.Release|Any CPU.Build.0 = Release|Any CPU
		{6BB51BD5-185F-443E-9197-546D876D12BA}.Debug|Any CPU.ActiveCfg = Debug|Any CPU
		{6BB51BD5-185F-443E-9197-546D876D12BA}.Debug|Any CPU.Build.0 = Debug|Any CPU
		{6BB51BD5-185F-443E-9197-546D876D12BA}.Release|Any CPU.ActiveCfg = Release|Any CPU
		{6BB51BD5-185F-443E-9197-546D876D12BA}.Release|Any CPU.Build.0 = Release|Any CPU
		{CE1B6339-F52A-42D7-A5B9-1FBB78DD62E0}.Debug|Any CPU.ActiveCfg = Debug|Any CPU
		{CE1B6339-F52A-42D7-A5B9-1FBB78DD62E0}.Debug|Any CPU.Build.0 = Debug|Any CPU
		{CE1B6339-F52A-42D7-A5B9-1FBB78DD62E0}.Release|Any CPU.ActiveCfg = Release|Any CPU
		{CE1B6339-F52A-42D7-A5B9-1FBB78DD62E0}.Release|Any CPU.Build.0 = Release|Any CPU
		{06FD9CB9-E090-4962-973F-C8D15BCD82CE}.Debug|Any CPU.ActiveCfg = Debug|Any CPU
		{06FD9CB9-E090-4962-973F-C8D15BCD82CE}.Debug|Any CPU.Build.0 = Debug|Any CPU
		{06FD9CB9-E090-4962-973F-C8D15BCD82CE}.Release|Any CPU.ActiveCfg = Release|Any CPU
		{06FD9CB9-E090-4962-973F-C8D15BCD82CE}.Release|Any CPU.Build.0 = Release|Any CPU
		{88459653-507E-411D-8C75-C4B5F1FA530C}.Debug|Any CPU.ActiveCfg = Debug|Any CPU
		{88459653-507E-411D-8C75-C4B5F1FA530C}.Debug|Any CPU.Build.0 = Debug|Any CPU
		{88459653-507E-411D-8C75-C4B5F1FA530C}.Release|Any CPU.ActiveCfg = Release|Any CPU
		{88459653-507E-411D-8C75-C4B5F1FA530C}.Release|Any CPU.Build.0 = Release|Any CPU
	EndGlobalSection
	GlobalSection(SolutionProperties) = preSolution
		HideSolutionNode = FALSE
	EndGlobalSection
	GlobalSection(ExtensibilityGlobals) = postSolution
		SolutionGuid = {87CFD8B8-56D3-426F-9BEB-CAEAA6D09F98}
	EndGlobalSection
EndGlobal
